
Microsoft Visual Studio Solution File, Format Version 12.00
# Visual Studio 15
VisualStudioVersion = 15.0.27428.2015
MinimumVisualStudioVersion = 10.0.40219.1
Project("{FAE04EC0-301F-11D3-BF4B-00C04F79EFBC}") = "WebApplication1", "WebApplication1\WebApplication1.csproj", "{04DA38A5-8F53-409D-A067-3373F16E8329}"
EndProject
Global
	GlobalSection(SolutionConfigurationPlatforms) = preSolution
		Debug|Any CPU = Debug|Any CPU
		Release|Any CPU = Release|Any CPU
	EndGlobalSection
	GlobalSection(ProjectConfigurationPlatforms) = postSolution
		{04DA38A5-8F53-409D-A067-3373F16E8329}.Debug|Any CPU.ActiveCfg = Debug|Any CPU
		{04DA38A5-8F53-409D-A067-3373F16E8329}.Debug|Any CPU.Build.0 = Debug|Any CPU
		{04DA38A5-8F53-409D-A067-3373F16E8329}.Release|Any CPU.ActiveCfg = Release|Any CPU
		{04DA38A5-8F53-409D-A067-3373F16E8329}.Release|Any CPU.Build.0 = Release|Any CPU
	EndGlobalSection
	GlobalSection(SolutionProperties) = preSolution
		HideSolutionNode = FALSE
	EndGlobalSection
	GlobalSection(ExtensibilityGlobals) = postSolution
		SolutionGuid = {1A9F5B9C-9B4C-4252-8ADD-86B82B9305BC}
	EndGlobalSection
EndGlobal
